
Microsoft Visual Studio Solution File, Format Version 12.00
# Visual Studio Version 16
VisualStudioVersion = 16.0.30204.135
MinimumVisualStudioVersion = 10.0.40219.1
Project("{9A19103F-16F7-4668-BE54-9A1E7A4F7556}") = "DeckOfCards", "DeckOfCards\DeckOfCards.csproj", "{53BF191E-4A40-4BA2-AC37-350A31C9549E}"
EndProject
Project("{9A19103F-16F7-4668-BE54-9A1E7A4F7556}") = "DeckOfCards.Repository", "DeckOfCards.Repository\DeckOfCards.Repository.csproj", "{64754566-0397-425A-8A7F-27156A86AC81}"
EndProject
Project("{FAE04EC0-301F-11D3-BF4B-00C04F79EFBC}") = "DeckOfCards.Repository.Tests", "DeckOfCards.Repository.Tests\DeckOfCards.Repository.Tests.csproj", "{C0F6E8FA-5AD4-48C2-8ECB-B6D9DF07F8F9}"
EndProject
Project("{FAE04EC0-301F-11D3-BF4B-00C04F79EFBC}") = "DeckOfCards.Tests", "DeckOfCards.Tests\DeckOfCards.Tests.csproj", "{6C431851-743B-4DFD-90D6-FB0B59944E0A}"
EndProject
Global
	GlobalSection(SolutionConfigurationPlatforms) = preSolution
		Debug|Any CPU = Debug|Any CPU
		Release|Any CPU = Release|Any CPU
	EndGlobalSection
	GlobalSection(ProjectConfigurationPlatforms) = postSolution
		{53BF191E-4A40-4BA2-AC37-350A31C9549E}.Debug|Any CPU.ActiveCfg = Debug|Any CPU
		{53BF191E-4A40-4BA2-AC37-350A31C9549E}.Debug|Any CPU.Build.0 = Debug|Any CPU
		{53BF191E-4A40-4BA2-AC37-350A31C9549E}.Release|Any CPU.ActiveCfg = Release|Any CPU
		{53BF191E-4A40-4BA2-AC37-350A31C9549E}.Release|Any CPU.Build.0 = Release|Any CPU
		{64754566-0397-425A-8A7F-27156A86AC81}.Debug|Any CPU.ActiveCfg = Debug|Any CPU
		{64754566-0397-425A-8A7F-27156A86AC81}.Debug|Any CPU.Build.0 = Debug|Any CPU
		{64754566-0397-425A-8A7F-27156A86AC81}.Release|Any CPU.ActiveCfg = Release|Any CPU
		{64754566-0397-425A-8A7F-27156A86AC81}.Release|Any CPU.Build.0 = Release|Any CPU
		{C0F6E8FA-5AD4-48C2-8ECB-B6D9DF07F8F9}.Debug|Any CPU.ActiveCfg = Debug|Any CPU
		{C0F6E8FA-5AD4-48C2-8ECB-B6D9DF07F8F9}.Debug|Any CPU.Build.0 = Debug|Any CPU
		{C0F6E8FA-5AD4-48C2-8ECB-B6D9DF07F8F9}.Release|Any CPU.ActiveCfg = Release|Any CPU
		{C0F6E8FA-5AD4-48C2-8ECB-B6D9DF07F8F9}.Release|Any CPU.Build.0 = Release|Any CPU
		{6C431851-743B-4DFD-90D6-FB0B59944E0A}.Debug|Any CPU.ActiveCfg = Debug|Any CPU
		{6C431851-743B-4DFD-90D6-FB0B59944E0A}.Debug|Any CPU.Build.0 = Debug|Any CPU
		{6C431851-743B-4DFD-90D6-FB0B59944E0A}.Release|Any CPU.ActiveCfg = Release|Any CPU
		{6C431851-743B-4DFD-90D6-FB0B59944E0A}.Release|Any CPU.Build.0 = Release|Any CPU
	EndGlobalSection
	GlobalSection(SolutionProperties) = preSolution
		HideSolutionNode = FALSE
	EndGlobalSection
	GlobalSection(ExtensibilityGlobals) = postSolution
		SolutionGuid = {6343D01C-7960-4682-BAA9-7D291E70B99C}
	EndGlobalSection
EndGlobal
